
Microsoft Visual Studio Solution File, Format Version 12.00
# Visual Studio 15
VisualStudioVersion = 15.0.27130.2027
MinimumVisualStudioVersion = 10.0.40219.1
Project("{FAE04EC0-301F-11D3-BF4B-00C04F79EFBC}") = "lab5ver2", "lab5ver2\lab5ver2.csproj", "{746325ED-7D74-4D76-98B4-6E8A7061373C}"
EndProject
Global
	GlobalSection(SolutionConfigurationPlatforms) = preSolution
		Debug|Any CPU = Debug|Any CPU
		Release|Any CPU = Release|Any CPU
	EndGlobalSection
	GlobalSection(ProjectConfigurationPlatforms) = postSolution
		{746325ED-7D74-4D76-98B4-6E8A7061373C}.Debug|Any CPU.ActiveCfg = Debug|Any CPU
		{746325ED-7D74-4D76-98B4-6E8A7061373C}.Debug|Any CPU.Build.0 = Debug|Any CPU
		{746325ED-7D74-4D76-98B4-6E8A7061373C}.Release|Any CPU.ActiveCfg = Release|Any CPU
		{746325ED-7D74-4D76-98B4-6E8A7061373C}.Release|Any CPU.Build.0 = Release|Any CPU
	EndGlobalSection
	GlobalSection(SolutionProperties) = preSolution
		HideSolutionNode = FALSE
	EndGlobalSection
	GlobalSection(ExtensibilityGlobals) = postSolution
		SolutionGuid = {D5B048F5-A44B-436E-9648-3278F5235A04}
	EndGlobalSection
EndGlobal
